
Microsoft Visual Studio Solution File, Format Version 12.00
# Visual Studio Version 17
VisualStudioVersion = 17.5.33424.131
MinimumVisualStudioVersion = 10.0.40219.1
Project("{FAE04EC0-301F-11D3-BF4B-00C04F79EFBC}") = "ChatAppTest", "ChatAppTest.csproj", "{DAA070C9-2793-447D-A891-45D0C37434E3}"
EndProject
Global
	GlobalSection(SolutionConfigurationPlatforms) = preSolution
		Debug|Any CPU = Debug|Any CPU
		Release|Any CPU = Release|Any CPU
	EndGlobalSection
	GlobalSection(ProjectConfigurationPlatforms) = postSolution
		{DAA070C9-2793-447D-A891-45D0C37434E3}.Debug|Any CPU.ActiveCfg = Debug|Any CPU
		{DAA070C9-2793-447D-A891-45D0C37434E3}.Debug|Any CPU.Build.0 = Debug|Any CPU
		{DAA070C9-2793-447D-A891-45D0C37434E3}.Release|Any CPU.ActiveCfg = Release|Any CPU
		{DAA070C9-2793-447D-A891-45D0C37434E3}.Release|Any CPU.Build.0 = Release|Any CPU
	EndGlobalSection
	GlobalSection(SolutionProperties) = preSolution
		HideSolutionNode = FALSE
	EndGlobalSection
	GlobalSection(ExtensibilityGlobals) = postSolution
		SolutionGuid = {668E2611-A714-4C9D-AA64-767DE50CFC53}
	EndGlobalSection
EndGlobal
